
Microsoft Visual Studio Solution File, Format Version 12.00
# Visual Studio Version 17
VisualStudioVersion = 17.8.34330.188
MinimumVisualStudioVersion = 10.0.40219.1
Project("{FAE04EC0-301F-11D3-BF4B-00C04F79EFBC}") = "chinasA", "chinasA\chinasA.csproj", "{00903F8F-3925-4D50-BB34-D7325214CE17}"
EndProject
Global
	GlobalSection(SolutionConfigurationPlatforms) = preSolution
		Debug|Any CPU = Debug|Any CPU
		Release|Any CPU = Release|Any CPU
	EndGlobalSection
	GlobalSection(ProjectConfigurationPlatforms) = postSolution
		{00903F8F-3925-4D50-BB34-D7325214CE17}.Debug|Any CPU.ActiveCfg = Debug|Any CPU
		{00903F8F-3925-4D50-BB34-D7325214CE17}.Debug|Any CPU.Build.0 = Debug|Any CPU
		{00903F8F-3925-4D50-BB34-D7325214CE17}.Release|Any CPU.ActiveCfg = Release|Any CPU
		{00903F8F-3925-4D50-BB34-D7325214CE17}.Release|Any CPU.Build.0 = Release|Any CPU
	EndGlobalSection
	GlobalSection(SolutionProperties) = preSolution
		HideSolutionNode = FALSE
	EndGlobalSection
	GlobalSection(ExtensibilityGlobals) = postSolution
		SolutionGuid = {B9576E8F-7B34-4EA3-9BF4-FC4806A6066D}
	EndGlobalSection
EndGlobal
